{
  "lockfile_version": "1",
  "packages": {
    "aws-adfs@latest": {
      "last_modified": "2025-02-07T11:26:36Z",
      "resolved": "github:NixOS/nixpkgs/d98abf5cf5914e5e4e9d57205e3af55ca90ffc1d#aws-adfs",
      "source": "devbox-search",
      "version": "2.11.2",
      "systems": {
        "aarch64-darwin": {
          "outputs": [
            {
              "name": "out",
              "path": "/nix/store/sfpz67whraa6mqb1q5827szgwkbhv49p-python3.12-aws-adfs-2.11.2",
              "default": true
            },
            {
              "name": "dist",
              "path": "/nix/store/21k1hvcnwzr71amcfw2hq4i7mkjv208x-python3.12-aws-adfs-2.11.2-dist"
            }
          ],
          "store_path": "/nix/store/sfpz67whraa6mqb1q5827szgwkbhv49p-python3.12-aws-adfs-2.11.2"
        },
        "aarch64-linux": {
          "outputs": [
            {
              "name": "out",
              "path": "/nix/store/glqd3fj6z8xjbynr3mkhny1p619ysjv5-python3.12-aws-adfs-2.11.2",
              "default": true
            },
            {
              "name": "dist",
              "path": "/nix/store/6ap13y5y6wl801ad6d6c1fgn5jq0qify-python3.12-aws-adfs-2.11.2-dist"
            }
          ],
          "store_path": "/nix/store/glqd3fj6z8xjbynr3mkhny1p619ysjv5-python3.12-aws-adfs-2.11.2"
        },
        "x86_64-darwin": {
          "outputs": [
            {
              "name": "out",
              "path": "/nix/store/ix304r19p14f8nahnw85mn2gfld680jw-python3.12-aws-adfs-2.11.2",
              "default": true
            },
            {
              "name": "dist",
              "path": "/nix/store/y5534b4bdmsbzjrdxl4yhmzp026n3lrn-python3.12-aws-adfs-2.11.2-dist"
            }
          ],
          "store_path": "/nix/store/ix304r19p14f8nahnw85mn2gfld680jw-python3.12-aws-adfs-2.11.2"
        },
        "x86_64-linux": {
          "outputs": [
            {
              "name": "out",
              "path": "/nix/store/67lpfp0l9dl8yabdw01mvb5ji81hkzfx-python3.12-aws-adfs-2.11.2",
              "default": true
            },
            {
              "name": "dist",
              "path": "/nix/store/9crbqwr3v0dsxkv3580ak0v6ghlgi699-python3.12-aws-adfs-2.11.2-dist"
            }
          ],
          "store_path": "/nix/store/67lpfp0l9dl8yabdw01mvb5ji81hkzfx-python3.12-aws-adfs-2.11.2"
        }
      }
    },
    "awscli2@latest": {
      "last_modified": "2025-02-28T17:02:31Z",
      "resolved": "github:NixOS/nixpkgs/5954d3359cc7178623da6c7fd23dc7f7504d7187#awscli2",
      "source": "devbox-search",
      "version": "2.24.7",
      "systems": {
        "aarch64-darwin": {
          "outputs": [
            {
              "name": "out",
              "path": "/nix/store/cy4gfbvpjif9vxjrsn3llbx8a33vaa22-awscli2-2.24.7",
              "default": true
            },
            {
              "name": "dist",
              "path": "/nix/store/5imhy0l04r97jrwvgrwkq0sc1hb1f0cw-awscli2-2.24.7-dist"
            }
          ],
          "store_path": "/nix/store/cy4gfbvpjif9vxjrsn3llbx8a33vaa22-awscli2-2.24.7"
        },
        "aarch64-linux": {
          "outputs": [
            {
              "name": "out",
              "path": "/nix/store/djl95jipj2vmbljyx822zwnj37n7qrnc-awscli2-2.24.7",
              "default": true
            },
            {
              "name": "dist",
              "path": "/nix/store/crb9r976swms14wbni96dsdybf39gq2n-awscli2-2.24.7-dist"
            }
          ],
          "store_path": "/nix/store/djl95jipj2vmbljyx822zwnj37n7qrnc-awscli2-2.24.7"
        },
        "x86_64-darwin": {
          "outputs": [
            {
              "name": "out",
              "path": "/nix/store/xsw3rwq65wsr4syg4mbii7rzv8r0gs93-awscli2-2.24.7",
              "default": true
            },
            {
              "name": "dist",
              "path": "/nix/store/4qxls91fpjcq15sbv1lgw2fnb44q5v0i-awscli2-2.24.7-dist"
            }
          ],
          "store_path": "/nix/store/xsw3rwq65wsr4syg4mbii7rzv8r0gs93-awscli2-2.24.7"
        },
        "x86_64-linux": {
          "outputs": [
            {
              "name": "out",
              "path": "/nix/store/c6cpwn3j1qfcfrch3248bj8i60wa4c08-awscli2-2.24.7",
              "default": true
            },
            {
              "name": "dist",
              "path": "/nix/store/5d9627scc1lv4r4x7mkphaqy3aqpxrhw-awscli2-2.24.7-dist"
            }
          ],
          "store_path": "/nix/store/c6cpwn3j1qfcfrch3248bj8i60wa4c08-awscli2-2.24.7"
        }
      }
    },
    "bat@latest": {
      "last_modified": "2025-02-07T11:26:36Z",
      "resolved": "github:NixOS/nixpkgs/d98abf5cf5914e5e4e9d57205e3af55ca90ffc1d#bat",
      "source": "devbox-search",
      "version": "0.25.0",
      "systems": {
        "aarch64-darwin": {
          "outputs": [
            {
              "name": "out",
              "path": "/nix/store/a0pqbv80g64snkhbq8jk6684g4j6mrdd-bat-0.25.0",
              "default": true
            }
          ],
          "store_path": "/nix/store/a0pqbv80g64snkhbq8jk6684g4j6mrdd-bat-0.25.0"
        },
        "aarch64-linux": {
          "outputs": [
            {
              "name": "out",
              "path": "/nix/store/k86h7n8szkbqc2dfccqswb69xkzy09sz-bat-0.25.0",
              "default": true
            }
          ],
          "store_path": "/nix/store/k86h7n8szkbqc2dfccqswb69xkzy09sz-bat-0.25.0"
        },
        "x86_64-darwin": {
          "outputs": [
            {
              "name": "out",
              "path": "/nix/store/h3jj050sy1ls1vkxn0grnwrg09w9izrk-bat-0.25.0",
              "default": true
            }
          ],
          "store_path": "/nix/store/h3jj050sy1ls1vkxn0grnwrg09w9izrk-bat-0.25.0"
        },
        "x86_64-linux": {
          "outputs": [
            {
              "name": "out",
              "path": "/nix/store/svdagm0bvg7kjzn8bndc7gcl69afa740-bat-0.25.0",
              "default": true
            }
          ],
          "store_path": "/nix/store/svdagm0bvg7kjzn8bndc7gcl69afa740-bat-0.25.0"
        }
      }
    },
    "direnv@latest": {
      "last_modified": "2025-02-07T11:26:36Z",
      "resolved": "github:NixOS/nixpkgs/d98abf5cf5914e5e4e9d57205e3af55ca90ffc1d#direnv",
      "source": "devbox-search",
      "version": "2.35.0",
      "systems": {
        "aarch64-darwin": {
          "outputs": [
            {
              "name": "out",
              "path": "/nix/store/4dg5yb1b41ygk74ghib220aics90p44m-direnv-2.35.0",
              "default": true
            }
          ],
          "store_path": "/nix/store/4dg5yb1b41ygk74ghib220aics90p44m-direnv-2.35.0"
        },
        "aarch64-linux": {
          "outputs": [
            {
              "name": "out",
              "path": "/nix/store/98b4ajy1yar6iv0kd4zih7q07p1mg223-direnv-2.35.0",
              "default": true
            }
          ],
          "store_path": "/nix/store/98b4ajy1yar6iv0kd4zih7q07p1mg223-direnv-2.35.0"
        },
        "x86_64-darwin": {
          "outputs": [
            {
              "name": "out",
              "path": "/nix/store/3zjm59hmy9j95j553dfn1mhqb3kjglmy-direnv-2.35.0",
              "default": true
            }
          ],
          "store_path": "/nix/store/3zjm59hmy9j95j553dfn1mhqb3kjglmy-direnv-2.35.0"
        },
        "x86_64-linux": {
          "outputs": [
            {
              "name": "out",
              "path": "/nix/store/g7yx0vj7bykfpp27klsa12fcx7pn3sqv-direnv-2.35.0",
              "default": true
            }
          ],
          "store_path": "/nix/store/g7yx0vj7bykfpp27klsa12fcx7pn3sqv-direnv-2.35.0"
        }
      }
    },
    "eza@latest": {
      "last_modified": "2025-02-27T15:48:43Z",
      "resolved": "github:NixOS/nixpkgs/6c5c5f5100281f8f4ff23f13edd17d645178c87c#eza",
      "source": "devbox-search",
      "version": "0.20.23",
      "systems": {
        "aarch64-darwin": {
          "outputs": [
            {
              "name": "out",
              "path": "/nix/store/62jmqp3hysaz5zyl01l39zlcamsa01yl-eza-0.20.23",
              "default": true
            },
            {
              "name": "man",
              "path": "/nix/store/krxp5ragc0gpbl724pblnjnac0zr0l9h-eza-0.20.23-man",
              "default": true
            }
          ],
          "store_path": "/nix/store/62jmqp3hysaz5zyl01l39zlcamsa01yl-eza-0.20.23"
        },
        "aarch64-linux": {
          "outputs": [
            {
              "name": "out",
              "path": "/nix/store/qx7vinpxhnjxkrfcphmk7sij68wlhydx-eza-0.20.23",
              "default": true
            },
            {
              "name": "man",
              "path": "/nix/store/2qk91m6vwb7n2rd8640xi8df429aiqsf-eza-0.20.23-man",
              "default": true
            }
          ],
          "store_path": "/nix/store/qx7vinpxhnjxkrfcphmk7sij68wlhydx-eza-0.20.23"
        },
        "x86_64-darwin": {
          "outputs": [
            {
              "name": "out",
              "path": "/nix/store/6iifwg4mw60l2llaww2w5c5h7ar8smva-eza-0.20.23",
              "default": true
            },
            {
              "name": "man",
              "path": "/nix/store/74q8jl9imm32d37ahmxpmxg6pypfw918-eza-0.20.23-man",
              "default": true
            }
          ],
          "store_path": "/nix/store/6iifwg4mw60l2llaww2w5c5h7ar8smva-eza-0.20.23"
        },
        "x86_64-linux": {
          "outputs": [
            {
              "name": "out",
              "path": "/nix/store/26i6s55k89izafslllc9lqy7x17vzgjx-eza-0.20.23",
              "default": true
            },
            {
              "name": "man",
              "path": "/nix/store/85mc7jnb7ijrj6k0bgf4ilzzxgbpbzn5-eza-0.20.23-man",
              "default": true
            }
          ],
          "store_path": "/nix/store/26i6s55k89izafslllc9lqy7x17vzgjx-eza-0.20.23"
        }
      }
    },
    "github:NixOS/nixpkgs/nixpkgs-unstable": {
      "resolved": "github:NixOS/nixpkgs/b58e19b11fe72175fd7a9e014a4786a91e99da5f?lastModified=1740916017&narHash=sha256-Ze%2F3XCElkVljFCnBKezLldOz2ZaGp7eozxRqFzACnMI%3D"
    },
    "glow@latest": {
      "last_modified": "2025-02-28T17:02:31Z",
      "resolved": "github:NixOS/nixpkgs/5954d3359cc7178623da6c7fd23dc7f7504d7187#glow",
      "source": "devbox-search",
      "version": "2.1.0",
      "systems": {
        "aarch64-darwin": {
          "outputs": [
            {
              "name": "out",
              "path": "/nix/store/dlipp1zhgbwmdhzhycrx3cip2cym94c8-glow-2.1.0",
              "default": true
            }
          ],
          "store_path": "/nix/store/dlipp1zhgbwmdhzhycrx3cip2cym94c8-glow-2.1.0"
        },
        "aarch64-linux": {
          "outputs": [
            {
              "name": "out",
              "path": "/nix/store/b8wfcryvn5dnk0l1dggl73d2ils3lvbj-glow-2.1.0",
              "default": true
            }
          ],
          "store_path": "/nix/store/b8wfcryvn5dnk0l1dggl73d2ils3lvbj-glow-2.1.0"
        },
        "x86_64-darwin": {
          "outputs": [
            {
              "name": "out",
              "path": "/nix/store/7chzjxnb38hkhmx8bvlrjzdivjifvp36-glow-2.1.0",
              "default": true
            }
          ],
          "store_path": "/nix/store/7chzjxnb38hkhmx8bvlrjzdivjifvp36-glow-2.1.0"
        },
        "x86_64-linux": {
          "outputs": [
            {
              "name": "out",
              "path": "/nix/store/93d5xc37cmxkdlf6sb7kgrlv0wjhp5rq-glow-2.1.0",
              "default": true
            }
          ],
          "store_path": "/nix/store/93d5xc37cmxkdlf6sb7kgrlv0wjhp5rq-glow-2.1.0"
        }
      }
    },
    "inlyne@latest": {
      "last_modified": "2025-02-07T11:26:36Z",
      "resolved": "github:NixOS/nixpkgs/d98abf5cf5914e5e4e9d57205e3af55ca90ffc1d#inlyne",
      "source": "devbox-search",
      "version": "0.5.0",
      "systems": {
        "aarch64-darwin": {
          "outputs": [
            {
              "name": "out",
              "path": "/nix/store/b6rmp23y0gkgcrgn3p2mm59l0s5jmxiz-inlyne-0.5.0",
              "default": true
            }
          ],
          "store_path": "/nix/store/b6rmp23y0gkgcrgn3p2mm59l0s5jmxiz-inlyne-0.5.0"
        },
        "aarch64-linux": {
          "outputs": [
            {
              "name": "out",
              "path": "/nix/store/06xw4pznyhaxlrl5an171p93a9n5h84b-inlyne-0.5.0",
              "default": true
            }
          ],
          "store_path": "/nix/store/06xw4pznyhaxlrl5an171p93a9n5h84b-inlyne-0.5.0"
        },
        "x86_64-darwin": {
          "outputs": [
            {
              "name": "out",
              "path": "/nix/store/jkcl3y0j78q1k34mjjng1xbacdjhsp6y-inlyne-0.5.0",
              "default": true
            }
          ],
          "store_path": "/nix/store/jkcl3y0j78q1k34mjjng1xbacdjhsp6y-inlyne-0.5.0"
        },
        "x86_64-linux": {
          "outputs": [
            {
              "name": "out",
              "path": "/nix/store/9q8262a8xk262qd44y7m90qn9wzi3qbb-inlyne-0.5.0",
              "default": true
            }
          ],
          "store_path": "/nix/store/9q8262a8xk262qd44y7m90qn9wzi3qbb-inlyne-0.5.0"
        }
      }
    },
    "jq@latest": {
      "last_modified": "2025-03-01T01:09:10Z",
      "resolved": "github:NixOS/nixpkgs/199169a2135e6b864a888e89a2ace345703c025d#jq",
      "source": "devbox-search",
      "version": "1.7.1",
      "systems": {
        "aarch64-darwin": {
          "outputs": [
            {
              "name": "bin",
              "path": "/nix/store/h67qb8yrnfja706ch9f2yfq1i0bz4mn1-jq-1.7.1-bin",
              "default": true
            },
            {
              "name": "man",
              "path": "/nix/store/dq242j6q44xlqlp7y6fjg7bmpd82m6li-jq-1.7.1-man",
              "default": true
            },
            {
              "name": "doc",
              "path": "/nix/store/6pnnni79b8018j88i2ynn1630qlwaphp-jq-1.7.1-doc"
            },
            {
              "name": "out",
              "path": "/nix/store/p73la466zw37g7z5d2qy3zz9mamf3gsv-jq-1.7.1"
            },
            {
              "name": "dev",
              "path": "/nix/store/v8anx27z4ib0gf7p1bh27j2g8zl37npb-jq-1.7.1-dev"
            }
          ],
          "store_path": "/nix/store/h67qb8yrnfja706ch9f2yfq1i0bz4mn1-jq-1.7.1-bin"
        },
        "aarch64-linux": {
          "outputs": [
            {
              "name": "bin",
              "path": "/nix/store/iqyxj9kb5g5w347svfwskiyahrplwxgb-jq-1.7.1-bin",
              "default": true
            },
            {
              "name": "man",
              "path": "/nix/store/ikr9p51fkdc932kmbmnq4wji81cyaw7m-jq-1.7.1-man",
              "default": true
            },
            {
              "name": "doc",
              "path": "/nix/store/z96h0lbll50v9m5fly0mvrqxibiv07gj-jq-1.7.1-doc"
            },
            {
              "name": "out",
              "path": "/nix/store/lnzkzs9zlpap9vizx5ds11a2kkpcfm5a-jq-1.7.1"
            },
            {
              "name": "dev",
              "path": "/nix/store/a3n8r9jn9g78yhb8xamgml3vlsv4qc3w-jq-1.7.1-dev"
            }
          ],
          "store_path": "/nix/store/iqyxj9kb5g5w347svfwskiyahrplwxgb-jq-1.7.1-bin"
        },
        "x86_64-darwin": {
          "outputs": [
            {
              "name": "bin",
              "path": "/nix/store/kvdl82szh102c3bmqfcymfhhdgmmpiqw-jq-1.7.1-bin",
              "default": true
            },
            {
              "name": "man",
              "path": "/nix/store/66hkk82yqg7dnjx8dj32kxhp4mna06ry-jq-1.7.1-man",
              "default": true
            },
            {
              "name": "doc",
              "path": "/nix/store/yh6klqhz2sxa8y3yfsxy828mhbkcdy34-jq-1.7.1-doc"
            },
            {
              "name": "out",
              "path": "/nix/store/q3cn39yz907p3h8ndqf9ljcakh2pzsrv-jq-1.7.1"
            },
            {
              "name": "dev",
              "path": "/nix/store/bpdizbcr45r3m1k75sxcmdbqi8i2khmd-jq-1.7.1-dev"
            }
          ],
          "store_path": "/nix/store/kvdl82szh102c3bmqfcymfhhdgmmpiqw-jq-1.7.1-bin"
        },
        "x86_64-linux": {
          "outputs": [
            {
              "name": "bin",
              "path": "/nix/store/xqh11ih3h2y85sgjjighlskp2llhswmz-jq-1.7.1-bin",
              "default": true
            },
            {
              "name": "man",
              "path": "/nix/store/v14f5in0m2yx4561dbs2mbplsgi0hx26-jq-1.7.1-man",
              "default": true
            },
            {
              "name": "dev",
              "path": "/nix/store/bsa64w792v82bx2nanmygc4fg690f4a0-jq-1.7.1-dev"
            },
            {
              "name": "doc",
              "path": "/nix/store/gskl3sys6n7r8rg768smngn1n52w09ag-jq-1.7.1-doc"
            },
            {
              "name": "out",
              "path": "/nix/store/75lxfnxl0wsifkqs6pb7rdmanrdd6qjp-jq-1.7.1"
            }
          ],
          "store_path": "/nix/store/xqh11ih3h2y85sgjjighlskp2llhswmz-jq-1.7.1-bin"
        }
      }
    },
    "nodejs@latest": {
      "last_modified": "2025-02-28T17:02:31Z",
      "plugin_version": "0.0.2",
      "resolved": "github:NixOS/nixpkgs/5954d3359cc7178623da6c7fd23dc7f7504d7187#nodejs_23",
      "source": "devbox-search",
      "version": "23.9.0",
      "systems": {
        "aarch64-darwin": {
          "outputs": [
            {
              "name": "out",
              "path": "/nix/store/pmigpxrhv9qhnsdsj3v8znpj4ia6zwf3-nodejs-23.9.0",
              "default": true
            },
            {
              "name": "libv8",
              "path": "/nix/store/3jggmmyapw5rqygv51i5s7sh9jx94igz-nodejs-23.9.0-libv8"
            }
          ],
          "store_path": "/nix/store/pmigpxrhv9qhnsdsj3v8znpj4ia6zwf3-nodejs-23.9.0"
        },
        "aarch64-linux": {
          "outputs": [
            {
              "name": "out",
              "path": "/nix/store/aq8rqs7z0x2viccjf1l9xwzzvds1ia17-nodejs-23.9.0",
              "default": true
            },
            {
              "name": "libv8",
              "path": "/nix/store/ac0nb2z39hy72n44y7i6q81dhqxgb238-nodejs-23.9.0-libv8"
            }
          ],
          "store_path": "/nix/store/aq8rqs7z0x2viccjf1l9xwzzvds1ia17-nodejs-23.9.0"
        },
        "x86_64-darwin": {
          "outputs": [
            {
              "name": "out",
              "path": "/nix/store/r783ard7h67rabd2k64ibrc3ah1gipx1-nodejs-23.9.0",
              "default": true
            },
            {
              "name": "libv8",
              "path": "/nix/store/hf6qgw9lfskf9r54g6cfpr3x4rry8b00-nodejs-23.9.0-libv8"
            }
          ],
          "store_path": "/nix/store/r783ard7h67rabd2k64ibrc3ah1gipx1-nodejs-23.9.0"
        },
        "x86_64-linux": {
          "outputs": [
            {
              "name": "out",
              "path": "/nix/store/26sdnhgk7jw7aidxx9qr3j5yv9hyfz8v-nodejs-23.9.0",
              "default": true
            },
            {
              "name": "libv8",
              "path": "/nix/store/kp2d8m1ph83z0w8y2rzx718ykf7my8yr-nodejs-23.9.0-libv8"
            }
          ],
          "store_path": "/nix/store/26sdnhgk7jw7aidxx9qr3j5yv9hyfz8v-nodejs-23.9.0"
        }
      }
    },
    "rich-cli@latest": {
      "last_modified": "2025-02-24T11:23:12Z",
      "resolved": "github:NixOS/nixpkgs/d9b69c3ec2a2e2e971c534065bdd53374bd68b97#rich-cli",
      "source": "devbox-search",
      "version": "1.8.0",
      "systems": {
        "aarch64-darwin": {
          "outputs": [
            {
              "name": "out",
              "path": "/nix/store/xwimy95yfzqdb8csirdzxqk453dh51ds-rich-cli-1.8.0",
              "default": true
            },
            {
              "name": "dist",
              "path": "/nix/store/agyairnkybqwczqvryvppg2dkd119b4q-rich-cli-1.8.0-dist"
            }
          ],
          "store_path": "/nix/store/xwimy95yfzqdb8csirdzxqk453dh51ds-rich-cli-1.8.0"
        },
        "aarch64-linux": {
          "outputs": [
            {
              "name": "out",
              "path": "/nix/store/qnqw0bc4shin3is8d51p19aajzmpvf46-rich-cli-1.8.0",
              "default": true
            },
            {
              "name": "dist",
              "path": "/nix/store/dwmvqhbhbzqp7x4fwdbm08b9rh4kwm1z-rich-cli-1.8.0-dist"
            }
          ],
          "store_path": "/nix/store/qnqw0bc4shin3is8d51p19aajzmpvf46-rich-cli-1.8.0"
        },
        "x86_64-darwin": {
          "outputs": [
            {
              "name": "out",
              "path": "/nix/store/w2gadr69l1vvkdp4zw0igqy06p091wng-rich-cli-1.8.0",
              "default": true
            },
            {
              "name": "dist",
              "path": "/nix/store/4xrw8mwd21nra73jyr1mla2q3hwhznc9-rich-cli-1.8.0-dist"
            }
          ],
          "store_path": "/nix/store/w2gadr69l1vvkdp4zw0igqy06p091wng-rich-cli-1.8.0"
        },
        "x86_64-linux": {
          "outputs": [
            {
              "name": "out",
              "path": "/nix/store/x0857z30g6ka977zycbwvyk9d7mqqibf-rich-cli-1.8.0",
              "default": true
            },
            {
              "name": "dist",
              "path": "/nix/store/pf52fqwj3hyifsjpqlgjwsj2ldljfv6h-rich-cli-1.8.0-dist"
            }
          ],
          "store_path": "/nix/store/x0857z30g6ka977zycbwvyk9d7mqqibf-rich-cli-1.8.0"
        }
      }
    },
    "starship@latest": {
      "last_modified": "2025-02-07T11:26:36Z",
      "resolved": "github:NixOS/nixpkgs/d98abf5cf5914e5e4e9d57205e3af55ca90ffc1d#starship",
      "source": "devbox-search",
      "version": "1.22.1",
      "systems": {
        "aarch64-darwin": {
          "outputs": [
            {
              "name": "out",
              "path": "/nix/store/3l3xlqz8nna3isq2vzsas12lvyry997v-starship-1.22.1",
              "default": true
            }
          ],
          "store_path": "/nix/store/3l3xlqz8nna3isq2vzsas12lvyry997v-starship-1.22.1"
        },
        "aarch64-linux": {
          "outputs": [
            {
              "name": "out",
              "path": "/nix/store/4zj9hz5iyj208900hmc2d1abs65mb3ic-starship-1.22.1",
              "default": true
            }
          ],
          "store_path": "/nix/store/4zj9hz5iyj208900hmc2d1abs65mb3ic-starship-1.22.1"
        },
        "x86_64-darwin": {
          "outputs": [
            {
              "name": "out",
              "path": "/nix/store/7qivjdb3w4xj1vqnz0jr8lmpy1b9cgqq-starship-1.22.1",
              "default": true
            }
          ],
          "store_path": "/nix/store/7qivjdb3w4xj1vqnz0jr8lmpy1b9cgqq-starship-1.22.1"
        },
        "x86_64-linux": {
          "outputs": [
            {
              "name": "out",
              "path": "/nix/store/2pdnxgx161j45i15v01qb16j7dp23zj0-starship-1.22.1",
              "default": true
            }
          ],
          "store_path": "/nix/store/2pdnxgx161j45i15v01qb16j7dp23zj0-starship-1.22.1"
        }
      }
    }
  }
}
