{
  "lockfile_version": "1",
  "packages": {
    "bat@latest": {
      "last_modified": "2025-02-07T11:26:36Z",
      "resolved": "github:NixOS/nixpkgs/d98abf5cf5914e5e4e9d57205e3af55ca90ffc1d#bat",
      "source": "devbox-search",
      "version": "0.25.0",
      "systems": {
        "aarch64-darwin": {
          "outputs": [
            {
              "name": "out",
              "path": "/nix/store/a0pqbv80g64snkhbq8jk6684g4j6mrdd-bat-0.25.0",
              "default": true
            }
          ],
          "store_path": "/nix/store/a0pqbv80g64snkhbq8jk6684g4j6mrdd-bat-0.25.0"
        },
        "aarch64-linux": {
          "outputs": [
            {
              "name": "out",
              "path": "/nix/store/k86h7n8szkbqc2dfccqswb69xkzy09sz-bat-0.25.0",
              "default": true
            }
          ],
          "store_path": "/nix/store/k86h7n8szkbqc2dfccqswb69xkzy09sz-bat-0.25.0"
        },
        "x86_64-darwin": {
          "outputs": [
            {
              "name": "out",
              "path": "/nix/store/h3jj050sy1ls1vkxn0grnwrg09w9izrk-bat-0.25.0",
              "default": true
            }
          ],
          "store_path": "/nix/store/h3jj050sy1ls1vkxn0grnwrg09w9izrk-bat-0.25.0"
        },
        "x86_64-linux": {
          "outputs": [
            {
              "name": "out",
              "path": "/nix/store/svdagm0bvg7kjzn8bndc7gcl69afa740-bat-0.25.0",
              "default": true
            }
          ],
          "store_path": "/nix/store/svdagm0bvg7kjzn8bndc7gcl69afa740-bat-0.25.0"
        }
      }
    },
    "direnv@latest": {
      "last_modified": "2025-02-07T11:26:36Z",
      "resolved": "github:NixOS/nixpkgs/d98abf5cf5914e5e4e9d57205e3af55ca90ffc1d#direnv",
      "source": "devbox-search",
      "version": "2.35.0",
      "systems": {
        "aarch64-darwin": {
          "outputs": [
            {
              "name": "out",
              "path": "/nix/store/4dg5yb1b41ygk74ghib220aics90p44m-direnv-2.35.0",
              "default": true
            }
          ],
          "store_path": "/nix/store/4dg5yb1b41ygk74ghib220aics90p44m-direnv-2.35.0"
        },
        "aarch64-linux": {
          "outputs": [
            {
              "name": "out",
              "path": "/nix/store/98b4ajy1yar6iv0kd4zih7q07p1mg223-direnv-2.35.0",
              "default": true
            }
          ],
          "store_path": "/nix/store/98b4ajy1yar6iv0kd4zih7q07p1mg223-direnv-2.35.0"
        },
        "x86_64-darwin": {
          "outputs": [
            {
              "name": "out",
              "path": "/nix/store/3zjm59hmy9j95j553dfn1mhqb3kjglmy-direnv-2.35.0",
              "default": true
            }
          ],
          "store_path": "/nix/store/3zjm59hmy9j95j553dfn1mhqb3kjglmy-direnv-2.35.0"
        },
        "x86_64-linux": {
          "outputs": [
            {
              "name": "out",
              "path": "/nix/store/g7yx0vj7bykfpp27klsa12fcx7pn3sqv-direnv-2.35.0",
              "default": true
            }
          ],
          "store_path": "/nix/store/g7yx0vj7bykfpp27klsa12fcx7pn3sqv-direnv-2.35.0"
        }
      }
    },
    "eza@latest": {
      "last_modified": "2025-02-27T15:48:43Z",
      "resolved": "github:NixOS/nixpkgs/6c5c5f5100281f8f4ff23f13edd17d645178c87c#eza",
      "source": "devbox-search",
      "version": "0.20.23",
      "systems": {
        "aarch64-darwin": {
          "outputs": [
            {
              "name": "out",
              "path": "/nix/store/62jmqp3hysaz5zyl01l39zlcamsa01yl-eza-0.20.23",
              "default": true
            },
            {
              "name": "man",
              "path": "/nix/store/krxp5ragc0gpbl724pblnjnac0zr0l9h-eza-0.20.23-man",
              "default": true
            }
          ],
          "store_path": "/nix/store/62jmqp3hysaz5zyl01l39zlcamsa01yl-eza-0.20.23"
        },
        "aarch64-linux": {
          "outputs": [
            {
              "name": "out",
              "path": "/nix/store/qx7vinpxhnjxkrfcphmk7sij68wlhydx-eza-0.20.23",
              "default": true
            },
            {
              "name": "man",
              "path": "/nix/store/2qk91m6vwb7n2rd8640xi8df429aiqsf-eza-0.20.23-man",
              "default": true
            }
          ],
          "store_path": "/nix/store/qx7vinpxhnjxkrfcphmk7sij68wlhydx-eza-0.20.23"
        },
        "x86_64-darwin": {
          "outputs": [
            {
              "name": "out",
              "path": "/nix/store/6iifwg4mw60l2llaww2w5c5h7ar8smva-eza-0.20.23",
              "default": true
            },
            {
              "name": "man",
              "path": "/nix/store/74q8jl9imm32d37ahmxpmxg6pypfw918-eza-0.20.23-man",
              "default": true
            }
          ],
          "store_path": "/nix/store/6iifwg4mw60l2llaww2w5c5h7ar8smva-eza-0.20.23"
        },
        "x86_64-linux": {
          "outputs": [
            {
              "name": "out",
              "path": "/nix/store/26i6s55k89izafslllc9lqy7x17vzgjx-eza-0.20.23",
              "default": true
            },
            {
              "name": "man",
              "path": "/nix/store/85mc7jnb7ijrj6k0bgf4ilzzxgbpbzn5-eza-0.20.23-man",
              "default": true
            }
          ],
          "store_path": "/nix/store/26i6s55k89izafslllc9lqy7x17vzgjx-eza-0.20.23"
        }
      }
    },
    "github:NixOS/nixpkgs/nixpkgs-unstable": {
      "resolved": "github:NixOS/nixpkgs/b58e19b11fe72175fd7a9e014a4786a91e99da5f?lastModified=1740916017&narHash=sha256-Ze%2F3XCElkVljFCnBKezLldOz2ZaGp7eozxRqFzACnMI%3D"
    },
    "jq@latest": {
      "last_modified": "2025-03-01T01:09:10Z",
      "resolved": "github:NixOS/nixpkgs/199169a2135e6b864a888e89a2ace345703c025d#jq",
      "source": "devbox-search",
      "version": "1.7.1",
      "systems": {
        "aarch64-darwin": {
          "outputs": [
            {
              "name": "bin",
              "path": "/nix/store/h67qb8yrnfja706ch9f2yfq1i0bz4mn1-jq-1.7.1-bin",
              "default": true
            },
            {
              "name": "man",
              "path": "/nix/store/dq242j6q44xlqlp7y6fjg7bmpd82m6li-jq-1.7.1-man",
              "default": true
            },
            {
              "name": "doc",
              "path": "/nix/store/6pnnni79b8018j88i2ynn1630qlwaphp-jq-1.7.1-doc"
            },
            {
              "name": "out",
              "path": "/nix/store/p73la466zw37g7z5d2qy3zz9mamf3gsv-jq-1.7.1"
            },
            {
              "name": "dev",
              "path": "/nix/store/v8anx27z4ib0gf7p1bh27j2g8zl37npb-jq-1.7.1-dev"
            }
          ],
          "store_path": "/nix/store/h67qb8yrnfja706ch9f2yfq1i0bz4mn1-jq-1.7.1-bin"
        },
        "aarch64-linux": {
          "outputs": [
            {
              "name": "bin",
              "path": "/nix/store/iqyxj9kb5g5w347svfwskiyahrplwxgb-jq-1.7.1-bin",
              "default": true
            },
            {
              "name": "man",
              "path": "/nix/store/ikr9p51fkdc932kmbmnq4wji81cyaw7m-jq-1.7.1-man",
              "default": true
            },
            {
              "name": "doc",
              "path": "/nix/store/z96h0lbll50v9m5fly0mvrqxibiv07gj-jq-1.7.1-doc"
            },
            {
              "name": "out",
              "path": "/nix/store/lnzkzs9zlpap9vizx5ds11a2kkpcfm5a-jq-1.7.1"
            },
            {
              "name": "dev",
              "path": "/nix/store/a3n8r9jn9g78yhb8xamgml3vlsv4qc3w-jq-1.7.1-dev"
            }
          ],
          "store_path": "/nix/store/iqyxj9kb5g5w347svfwskiyahrplwxgb-jq-1.7.1-bin"
        },
        "x86_64-darwin": {
          "outputs": [
            {
              "name": "bin",
              "path": "/nix/store/kvdl82szh102c3bmqfcymfhhdgmmpiqw-jq-1.7.1-bin",
              "default": true
            },
            {
              "name": "man",
              "path": "/nix/store/66hkk82yqg7dnjx8dj32kxhp4mna06ry-jq-1.7.1-man",
              "default": true
            },
            {
              "name": "doc",
              "path": "/nix/store/yh6klqhz2sxa8y3yfsxy828mhbkcdy34-jq-1.7.1-doc"
            },
            {
              "name": "out",
              "path": "/nix/store/q3cn39yz907p3h8ndqf9ljcakh2pzsrv-jq-1.7.1"
            },
            {
              "name": "dev",
              "path": "/nix/store/bpdizbcr45r3m1k75sxcmdbqi8i2khmd-jq-1.7.1-dev"
            }
          ],
          "store_path": "/nix/store/kvdl82szh102c3bmqfcymfhhdgmmpiqw-jq-1.7.1-bin"
        },
        "x86_64-linux": {
          "outputs": [
            {
              "name": "bin",
              "path": "/nix/store/xqh11ih3h2y85sgjjighlskp2llhswmz-jq-1.7.1-bin",
              "default": true
            },
            {
              "name": "man",
              "path": "/nix/store/v14f5in0m2yx4561dbs2mbplsgi0hx26-jq-1.7.1-man",
              "default": true
            },
            {
              "name": "dev",
              "path": "/nix/store/bsa64w792v82bx2nanmygc4fg690f4a0-jq-1.7.1-dev"
            },
            {
              "name": "doc",
              "path": "/nix/store/gskl3sys6n7r8rg768smngn1n52w09ag-jq-1.7.1-doc"
            },
            {
              "name": "out",
              "path": "/nix/store/75lxfnxl0wsifkqs6pb7rdmanrdd6qjp-jq-1.7.1"
            }
          ],
          "store_path": "/nix/store/xqh11ih3h2y85sgjjighlskp2llhswmz-jq-1.7.1-bin"
        }
      }
    },
    "starship@latest": {
      "last_modified": "2025-02-07T11:26:36Z",
      "resolved": "github:NixOS/nixpkgs/d98abf5cf5914e5e4e9d57205e3af55ca90ffc1d#starship",
      "source": "devbox-search",
      "version": "1.22.1",
      "systems": {
        "aarch64-darwin": {
          "outputs": [
            {
              "name": "out",
              "path": "/nix/store/3l3xlqz8nna3isq2vzsas12lvyry997v-starship-1.22.1",
              "default": true
            }
          ],
          "store_path": "/nix/store/3l3xlqz8nna3isq2vzsas12lvyry997v-starship-1.22.1"
        },
        "aarch64-linux": {
          "outputs": [
            {
              "name": "out",
              "path": "/nix/store/4zj9hz5iyj208900hmc2d1abs65mb3ic-starship-1.22.1",
              "default": true
            }
          ],
          "store_path": "/nix/store/4zj9hz5iyj208900hmc2d1abs65mb3ic-starship-1.22.1"
        },
        "x86_64-darwin": {
          "outputs": [
            {
              "name": "out",
              "path": "/nix/store/7qivjdb3w4xj1vqnz0jr8lmpy1b9cgqq-starship-1.22.1",
              "default": true
            }
          ],
          "store_path": "/nix/store/7qivjdb3w4xj1vqnz0jr8lmpy1b9cgqq-starship-1.22.1"
        },
        "x86_64-linux": {
          "outputs": [
            {
              "name": "out",
              "path": "/nix/store/2pdnxgx161j45i15v01qb16j7dp23zj0-starship-1.22.1",
              "default": true
            }
          ],
          "store_path": "/nix/store/2pdnxgx161j45i15v01qb16j7dp23zj0-starship-1.22.1"
        }
      }
    }
  }
}
